
Microsoft Visual Studio Solution File, Format Version 12.00
# Visual Studio Version 17
VisualStudioVersion = 17.5.33516.290
MinimumVisualStudioVersion = 10.0.40219.1
Project("{FAE04EC0-301F-11D3-BF4B-00C04F79EFBC}") = "Library_management", "Library_management\Library_management.csproj", "{59720A9A-ED7C-433F-910A-BD9564623E8C}"
EndProject
Project("{FAE04EC0-301F-11D3-BF4B-00C04F79EFBC}") = "TestProject1", "TestProject1\TestProject1.csproj", "{FBD82BC0-7501-4F0A-925C-4D43215944D3}"
EndProject
Global
	GlobalSection(SolutionConfigurationPlatforms) = preSolution
		Debug|Any CPU = Debug|Any CPU
		Release|Any CPU = Release|Any CPU
	EndGlobalSection
	GlobalSection(ProjectConfigurationPlatforms) = postSolution
		{59720A9A-ED7C-433F-910A-BD9564623E8C}.Debug|Any CPU.ActiveCfg = Debug|Any CPU
		{59720A9A-ED7C-433F-910A-BD9564623E8C}.Debug|Any CPU.Build.0 = Debug|Any CPU
		{59720A9A-ED7C-433F-910A-BD9564623E8C}.Release|Any CPU.ActiveCfg = Release|Any CPU
		{59720A9A-ED7C-433F-910A-BD9564623E8C}.Release|Any CPU.Build.0 = Release|Any CPU
		{FBD82BC0-7501-4F0A-925C-4D43215944D3}.Debug|Any CPU.ActiveCfg = Debug|Any CPU
		{FBD82BC0-7501-4F0A-925C-4D43215944D3}.Debug|Any CPU.Build.0 = Debug|Any CPU
		{FBD82BC0-7501-4F0A-925C-4D43215944D3}.Release|Any CPU.ActiveCfg = Release|Any CPU
		{FBD82BC0-7501-4F0A-925C-4D43215944D3}.Release|Any CPU.Build.0 = Release|Any CPU
	EndGlobalSection
	GlobalSection(SolutionProperties) = preSolution
		HideSolutionNode = FALSE
	EndGlobalSection
	GlobalSection(ExtensibilityGlobals) = postSolution
		SolutionGuid = {F530AEAC-EE5E-47D2-AA2D-ECF2F3141635}
	EndGlobalSection
EndGlobal
